<?xml version="1.0" encoding="utf-8"?>
<Project ToolsVersion="4.0" xmlns="http://schemas.microsoft.com/developer/msbuild/2003">
  <ItemGroup>
    <Filter Include="Source Files">
      <UniqueIdentifier>{4FC737F1-C7A5-4376-A066-2A32D752A2FF}</UniqueIdentifier>
      <Extensions>cpp;c;cc;cxx;c++;cppm;ixx;def;odl;idl;hpj;bat;asm;asmx</Extensions>
    </Filter>
    <Filter Include="Header Files">
      <UniqueIdentifier>{93995380-89BD-4b04-88EB-625FBE52EBFB}</UniqueIdentifier>
      <Extensions>h;hh;hpp;hxx;h++;hm;inl;inc;ipp;xsd</Extensions>
    </Filter>
    <Filter Include="Resource Files">
      <UniqueIdentifier>{67DA6AB6-F800-4c08-8B7A-83BB121AAD01}</UniqueIdentifier>
      <Extensions>rc;ico;cur;bmp;dlg;rc2;rct;bin;rgs;gif;jpg;jpeg;jpe;resx;tiff;tif;png;wav;mfcribbon-ms</Extensions>
    </Filter>
  </ItemGroup>
  <ItemGroup>
    <ClCompile Include="Dungeon-Runner.c">
      <Filter>Source Files</Filter>
    </ClCompile>
    <ClCompile Include="LoadingDock.c">
      <Filter>Source Files</Filter>
    </ClCompile>
    <ClCompile Include="DungeonTypes.c">
      <Filter>Source Files</Filter>
    </ClCompile>
    <ClCompile Include="Effect_Manager.c">
      <Filter>Source Files</Filter>
    </ClCompile>
    <ClCompile Include="pathlib.c">
      <Filter>Source Files</Filter>
    </ClCompile>
    <ClCompile Include="Player.c">
      <Filter>Source Files</Filter>
    </ClCompile>
    <ClCompile Include="PathFinder.c">
      <Filter>Source Files</Filter>
    </ClCompile>
    <ClCompile Include="EntityList.c">
      <Filter>Source Files</Filter>
    </ClCompile>
  </ItemGroup>
  <ItemGroup>
    <ClInclude Include="DungeonTypes.h">
      <Filter>Header Files</Filter>
    </ClInclude>
    <ClInclude Include="LoadingDock.h">
      <Filter>Header Files</Filter>
    </ClInclude>
    <ClInclude Include="Effect_Manager.h">
      <Filter>Header Files</Filter>
    </ClInclude>
    <ClInclude Include="list.h">
      <Filter>Header Files</Filter>
    </ClInclude>
    <ClInclude Include="pathlib.h">
      <Filter>Header Files</Filter>
    </ClInclude>
    <ClInclude Include="queue.h">
      <Filter>Header Files</Filter>
    </ClInclude>
    <ClInclude Include="Player.h">
      <Filter>Header Files</Filter>
    </ClInclude>
    <ClInclude Include="PathFinder.h">
      <Filter>Header Files</Filter>
    </ClInclude>
    <ClInclude Include="EntityList.h">
      <Filter>Header Files</Filter>
    </ClInclude>
  </ItemGroup>
  <ItemGroup>
    <None Include="data\items.dat" />
    <None Include="data\entities.dat" />
    <None Include="data\player.dat" />
    <None Include="data\rooms.dat" />
    <None Include="debug-data\admap.dat" />
    <None Include="debug-data\map.dat" />
  </ItemGroup>
</Project>